
Microsoft Visual Studio Solution File, Format Version 12.00
# Visual Studio 14
VisualStudioVersion = 14.0.25420.1
MinimumVisualStudioVersion = 10.0.40219.1
Project("{FAE04EC0-301F-11D3-BF4B-00C04F79EFBC}") = "MvxFirebase.Core.Droid", "MvxFirebase.Core\MvxFirebase.Core.Droid\MvxFirebase.Core.Droid.csproj", "{525E4FA4-CC6A-4E6C-A911-6DE6E6D2BAFF}"
EndProject
Project("{FAE04EC0-301F-11D3-BF4B-00C04F79EFBC}") = "MvxFirebase.Core.iOS", "MvxFirebase.Core\MvxFirebase.Core.iOS\MvxFirebase.Core.iOS.csproj", "{5EF3CFEA-E95F-4631-8C4A-FEABF33FB9DD}"
EndProject
Project("{FAE04EC0-301F-11D3-BF4B-00C04F79EFBC}") = "MvxFirebase.Core.WinPhone", "MvxFirebase.Core\MvxFirebase.Core.WinPhone\MvxFirebase.Core.WinPhone.csproj", "{3134BA65-2EDF-4AEF-BF4B-084A9FAA3140}"
EndProject
Project("{FAE04EC0-301F-11D3-BF4B-00C04F79EFBC}") = "MvxFirebase.Core", "MvxFirebase.Core\MvxFirebase.Core\MvxFirebase.Core.csproj", "{BE33B819-6706-4931-A8CB-7B2872B910DF}"
EndProject
Global
	GlobalSection(SolutionConfigurationPlatforms) = preSolution
		Debug|Any CPU = Debug|Any CPU
		Debug|ARM = Debug|ARM
		Debug|iPhone = Debug|iPhone
		Debug|iPhoneSimulator = Debug|iPhoneSimulator
		Debug|x86 = Debug|x86
		Release|Any CPU = Release|Any CPU
		Release|ARM = Release|ARM
		Release|iPhone = Release|iPhone
		Release|iPhoneSimulator = Release|iPhoneSimulator
		Release|x86 = Release|x86
	EndGlobalSection
	GlobalSection(ProjectConfigurationPlatforms) = postSolution
		{525E4FA4-CC6A-4E6C-A911-6DE6E6D2BAFF}.Debug|Any CPU.ActiveCfg = Debug|Any CPU
		{525E4FA4-CC6A-4E6C-A911-6DE6E6D2BAFF}.Debug|Any CPU.Build.0 = Debug|Any CPU
		{525E4FA4-CC6A-4E6C-A911-6DE6E6D2BAFF}.Debug|Any CPU.Deploy.0 = Debug|Any CPU
		{525E4FA4-CC6A-4E6C-A911-6DE6E6D2BAFF}.Debug|ARM.ActiveCfg = Debug|Any CPU
		{525E4FA4-CC6A-4E6C-A911-6DE6E6D2BAFF}.Debug|ARM.Build.0 = Debug|Any CPU
		{525E4FA4-CC6A-4E6C-A911-6DE6E6D2BAFF}.Debug|ARM.Deploy.0 = Debug|Any CPU
		{525E4FA4-CC6A-4E6C-A911-6DE6E6D2BAFF}.Debug|iPhone.ActiveCfg = Debug|Any CPU
		{525E4FA4-CC6A-4E6C-A911-6DE6E6D2BAFF}.Debug|iPhone.Build.0 = Debug|Any CPU
		{525E4FA4-CC6A-4E6C-A911-6DE6E6D2BAFF}.Debug|iPhone.Deploy.0 = Debug|Any CPU
		{525E4FA4-CC6A-4E6C-A911-6DE6E6D2BAFF}.Debug|iPhoneSimulator.ActiveCfg = Debug|Any CPU
		{525E4FA4-CC6A-4E6C-A911-6DE6E6D2BAFF}.Debug|iPhoneSimulator.Build.0 = Debug|Any CPU
		{525E4FA4-CC6A-4E6C-A911-6DE6E6D2BAFF}.Debug|iPhoneSimulator.Deploy.0 = Debug|Any CPU
		{525E4FA4-CC6A-4E6C-A911-6DE6E6D2BAFF}.Debug|x86.ActiveCfg = Debug|Any CPU
		{525E4FA4-CC6A-4E6C-A911-6DE6E6D2BAFF}.Debug|x86.Build.0 = Debug|Any CPU
		{525E4FA4-CC6A-4E6C-A911-6DE6E6D2BAFF}.Debug|x86.Deploy.0 = Debug|Any CPU
		{525E4FA4-CC6A-4E6C-A911-6DE6E6D2BAFF}.Release|Any CPU.ActiveCfg = Release|Any CPU
		{525E4FA4-CC6A-4E6C-A911-6DE6E6D2BAFF}.Release|Any CPU.Build.0 = Release|Any CPU
		{525E4FA4-CC6A-4E6C-A911-6DE6E6D2BAFF}.Release|Any CPU.Deploy.0 = Release|Any CPU
		{525E4FA4-CC6A-4E6C-A911-6DE6E6D2BAFF}.Release|ARM.ActiveCfg = Release|Any CPU
		{525E4FA4-CC6A-4E6C-A911-6DE6E6D2BAFF}.Release|ARM.Build.0 = Release|Any CPU
		{525E4FA4-CC6A-4E6C-A911-6DE6E6D2BAFF}.Release|ARM.Deploy.0 = Release|Any CPU
		{525E4FA4-CC6A-4E6C-A911-6DE6E6D2BAFF}.Release|iPhone.ActiveCfg = Release|Any CPU
		{525E4FA4-CC6A-4E6C-A911-6DE6E6D2BAFF}.Release|iPhone.Build.0 = Release|Any CPU
		{525E4FA4-CC6A-4E6C-A911-6DE6E6D2BAFF}.Release|iPhone.Deploy.0 = Release|Any CPU
		{525E4FA4-CC6A-4E6C-A911-6DE6E6D2BAFF}.Release|iPhoneSimulator.ActiveCfg = Release|Any CPU
		{525E4FA4-CC6A-4E6C-A911-6DE6E6D2BAFF}.Release|iPhoneSimulator.Build.0 = Release|Any CPU
		{525E4FA4-CC6A-4E6C-A911-6DE6E6D2BAFF}.Release|iPhoneSimulator.Deploy.0 = Release|Any CPU
		{525E4FA4-CC6A-4E6C-A911-6DE6E6D2BAFF}.Release|x86.ActiveCfg = Release|Any CPU
		{525E4FA4-CC6A-4E6C-A911-6DE6E6D2BAFF}.Release|x86.Build.0 = Release|Any CPU
		{525E4FA4-CC6A-4E6C-A911-6DE6E6D2BAFF}.Release|x86.Deploy.0 = Release|Any CPU
		{5EF3CFEA-E95F-4631-8C4A-FEABF33FB9DD}.Debug|Any CPU.ActiveCfg = Debug|iPhone
		{5EF3CFEA-E95F-4631-8C4A-FEABF33FB9DD}.Debug|ARM.ActiveCfg = Debug|iPhone
		{5EF3CFEA-E95F-4631-8C4A-FEABF33FB9DD}.Debug|iPhone.ActiveCfg = Debug|iPhone
		{5EF3CFEA-E95F-4631-8C4A-FEABF33FB9DD}.Debug|iPhone.Build.0 = Debug|iPhone
		{5EF3CFEA-E95F-4631-8C4A-FEABF33FB9DD}.Debug|iPhoneSimulator.ActiveCfg = Debug|iPhoneSimulator
		{5EF3CFEA-E95F-4631-8C4A-FEABF33FB9DD}.Debug|iPhoneSimulator.Build.0 = Debug|iPhoneSimulator
		{5EF3CFEA-E95F-4631-8C4A-FEABF33FB9DD}.Debug|x86.ActiveCfg = Debug|iPhone
		{5EF3CFEA-E95F-4631-8C4A-FEABF33FB9DD}.Release|Any CPU.ActiveCfg = Release|iPhone
		{5EF3CFEA-E95F-4631-8C4A-FEABF33FB9DD}.Release|ARM.ActiveCfg = Release|iPhone
		{5EF3CFEA-E95F-4631-8C4A-FEABF33FB9DD}.Release|iPhone.ActiveCfg = Release|iPhone
		{5EF3CFEA-E95F-4631-8C4A-FEABF33FB9DD}.Release|iPhone.Build.0 = Release|iPhone
		{5EF3CFEA-E95F-4631-8C4A-FEABF33FB9DD}.Release|iPhoneSimulator.ActiveCfg = Release|iPhoneSimulator
		{5EF3CFEA-E95F-4631-8C4A-FEABF33FB9DD}.Release|iPhoneSimulator.Build.0 = Release|iPhoneSimulator
		{5EF3CFEA-E95F-4631-8C4A-FEABF33FB9DD}.Release|x86.ActiveCfg = Release|iPhone
		{3134BA65-2EDF-4AEF-BF4B-084A9FAA3140}.Debug|Any CPU.ActiveCfg = Debug|Any CPU
		{3134BA65-2EDF-4AEF-BF4B-084A9FAA3140}.Debug|Any CPU.Build.0 = Debug|Any CPU
		{3134BA65-2EDF-4AEF-BF4B-084A9FAA3140}.Debug|Any CPU.Deploy.0 = Debug|Any CPU
		{3134BA65-2EDF-4AEF-BF4B-084A9FAA3140}.Debug|ARM.ActiveCfg = Debug|ARM
		{3134BA65-2EDF-4AEF-BF4B-084A9FAA3140}.Debug|ARM.Build.0 = Debug|ARM
		{3134BA65-2EDF-4AEF-BF4B-084A9FAA3140}.Debug|ARM.Deploy.0 = Debug|ARM
		{3134BA65-2EDF-4AEF-BF4B-084A9FAA3140}.Debug|iPhone.ActiveCfg = Debug|Any CPU
		{3134BA65-2EDF-4AEF-BF4B-084A9FAA3140}.Debug|iPhone.Build.0 = Debug|Any CPU
		{3134BA65-2EDF-4AEF-BF4B-084A9FAA3140}.Debug|iPhone.Deploy.0 = Debug|Any CPU
		{3134BA65-2EDF-4AEF-BF4B-084A9FAA3140}.Debug|iPhoneSimulator.ActiveCfg = Debug|Any CPU
		{3134BA65-2EDF-4AEF-BF4B-084A9FAA3140}.Debug|iPhoneSimulator.Build.0 = Debug|Any CPU
		{3134BA65-2EDF-4AEF-BF4B-084A9FAA3140}.Debug|iPhoneSimulator.Deploy.0 = Debug|Any CPU
		{3134BA65-2EDF-4AEF-BF4B-084A9FAA3140}.Debug|x86.ActiveCfg = Debug|x86
		{3134BA65-2EDF-4AEF-BF4B-084A9FAA3140}.Debug|x86.Build.0 = Debug|x86
		{3134BA65-2EDF-4AEF-BF4B-084A9FAA3140}.Debug|x86.Deploy.0 = Debug|x86
		{3134BA65-2EDF-4AEF-BF4B-084A9FAA3140}.Release|Any CPU.ActiveCfg = Release|Any CPU
		{3134BA65-2EDF-4AEF-BF4B-084A9FAA3140}.Release|Any CPU.Build.0 = Release|Any CPU
		{3134BA65-2EDF-4AEF-BF4B-084A9FAA3140}.Release|Any CPU.Deploy.0 = Release|Any CPU
		{3134BA65-2EDF-4AEF-BF4B-084A9FAA3140}.Release|ARM.ActiveCfg = Release|ARM
		{3134BA65-2EDF-4AEF-BF4B-084A9FAA3140}.Release|ARM.Build.0 = Release|ARM
		{3134BA65-2EDF-4AEF-BF4B-084A9FAA3140}.Release|ARM.Deploy.0 = Release|ARM
		{3134BA65-2EDF-4AEF-BF4B-084A9FAA3140}.Release|iPhone.ActiveCfg = Release|Any CPU
		{3134BA65-2EDF-4AEF-BF4B-084A9FAA3140}.Release|iPhone.Build.0 = Release|Any CPU
		{3134BA65-2EDF-4AEF-BF4B-084A9FAA3140}.Release|iPhone.Deploy.0 = Release|Any CPU
		{3134BA65-2EDF-4AEF-BF4B-084A9FAA3140}.Release|iPhoneSimulator.ActiveCfg = Release|Any CPU
		{3134BA65-2EDF-4AEF-BF4B-084A9FAA3140}.Release|iPhoneSimulator.Build.0 = Release|Any CPU
		{3134BA65-2EDF-4AEF-BF4B-084A9FAA3140}.Release|iPhoneSimulator.Deploy.0 = Release|Any CPU
		{3134BA65-2EDF-4AEF-BF4B-084A9FAA3140}.Release|x86.ActiveCfg = Release|x86
		{3134BA65-2EDF-4AEF-BF4B-084A9FAA3140}.Release|x86.Build.0 = Release|x86
		{3134BA65-2EDF-4AEF-BF4B-084A9FAA3140}.Release|x86.Deploy.0 = Release|x86
		{BE33B819-6706-4931-A8CB-7B2872B910DF}.Debug|Any CPU.ActiveCfg = Debug|Any CPU
		{BE33B819-6706-4931-A8CB-7B2872B910DF}.Debug|Any CPU.Build.0 = Debug|Any CPU
		{BE33B819-6706-4931-A8CB-7B2872B910DF}.Debug|ARM.ActiveCfg = Debug|Any CPU
		{BE33B819-6706-4931-A8CB-7B2872B910DF}.Debug|ARM.Build.0 = Debug|Any CPU
		{BE33B819-6706-4931-A8CB-7B2872B910DF}.Debug|iPhone.ActiveCfg = Debug|Any CPU
		{BE33B819-6706-4931-A8CB-7B2872B910DF}.Debug|iPhone.Build.0 = Debug|Any CPU
		{BE33B819-6706-4931-A8CB-7B2872B910DF}.Debug|iPhoneSimulator.ActiveCfg = Debug|Any CPU
		{BE33B819-6706-4931-A8CB-7B2872B910DF}.Debug|iPhoneSimulator.Build.0 = Debug|Any CPU
		{BE33B819-6706-4931-A8CB-7B2872B910DF}.Debug|x86.ActiveCfg = Debug|Any CPU
		{BE33B819-6706-4931-A8CB-7B2872B910DF}.Debug|x86.Build.0 = Debug|Any CPU
		{BE33B819-6706-4931-A8CB-7B2872B910DF}.Release|Any CPU.ActiveCfg = Release|Any CPU
		{BE33B819-6706-4931-A8CB-7B2872B910DF}.Release|Any CPU.Build.0 = Release|Any CPU
		{BE33B819-6706-4931-A8CB-7B2872B910DF}.Release|ARM.ActiveCfg = Release|Any CPU
		{BE33B819-6706-4931-A8CB-7B2872B910DF}.Release|ARM.Build.0 = Release|Any CPU
		{BE33B819-6706-4931-A8CB-7B2872B910DF}.Release|iPhone.ActiveCfg = Release|Any CPU
		{BE33B819-6706-4931-A8CB-7B2872B910DF}.Release|iPhone.Build.0 = Release|Any CPU
		{BE33B819-6706-4931-A8CB-7B2872B910DF}.Release|iPhoneSimulator.ActiveCfg = Release|Any CPU
		{BE33B819-6706-4931-A8CB-7B2872B910DF}.Release|iPhoneSimulator.Build.0 = Release|Any CPU
		{BE33B819-6706-4931-A8CB-7B2872B910DF}.Release|x86.ActiveCfg = Release|Any CPU
		{BE33B819-6706-4931-A8CB-7B2872B910DF}.Release|x86.Build.0 = Release|Any CPU
	EndGlobalSection
	GlobalSection(SolutionProperties) = preSolution
		HideSolutionNode = FALSE
	EndGlobalSection
EndGlobal
